
Microsoft Visual Studio Solution File, Format Version 12.00
# Visual Studio Version 17
VisualStudioVersion = 17.9.34616.47
MinimumVisualStudioVersion = 10.0.40219.1
Project("{FAE04EC0-301F-11D3-BF4B-00C04F79EFBC}") = "RemontKotlov", "RemontKotlov\RemontKotlov.csproj", "{B333F155-5A61-4772-85DD-3FA990C3D213}"
EndProject
Global
	GlobalSection(SolutionConfigurationPlatforms) = preSolution
		Debug|Any CPU = Debug|Any CPU
		Release|Any CPU = Release|Any CPU
	EndGlobalSection
	GlobalSection(ProjectConfigurationPlatforms) = postSolution
		{B333F155-5A61-4772-85DD-3FA990C3D213}.Debug|Any CPU.ActiveCfg = Debug|Any CPU
		{B333F155-5A61-4772-85DD-3FA990C3D213}.Debug|Any CPU.Build.0 = Debug|Any CPU
		{B333F155-5A61-4772-85DD-3FA990C3D213}.Release|Any CPU.ActiveCfg = Release|Any CPU
		{B333F155-5A61-4772-85DD-3FA990C3D213}.Release|Any CPU.Build.0 = Release|Any CPU
	EndGlobalSection
	GlobalSection(SolutionProperties) = preSolution
		HideSolutionNode = FALSE
	EndGlobalSection
	GlobalSection(ExtensibilityGlobals) = postSolution
		SolutionGuid = {A37B3F07-D859-4A38-8C81-9A053E6E351A}
	EndGlobalSection
EndGlobal
